
Microsoft Visual Studio Solution File, Format Version 12.00
# Visual Studio Version 17
VisualStudioVersion = 17.2.32630.192
MinimumVisualStudioVersion = 10.0.40219.1
Project("{FAE04EC0-301F-11D3-BF4B-00C04F79EFBC}") = "WebApplication1", "WebApplication1\WebApplication1.csproj", "{22F1820F-6044-4181-8506-F28E51802F68}"
EndProject
Global
	GlobalSection(SolutionConfigurationPlatforms) = preSolution
		Debug|Any CPU = Debug|Any CPU
		Release|Any CPU = Release|Any CPU
	EndGlobalSection
	GlobalSection(ProjectConfigurationPlatforms) = postSolution
		{22F1820F-6044-4181-8506-F28E51802F68}.Debug|Any CPU.ActiveCfg = Debug|Any CPU
		{22F1820F-6044-4181-8506-F28E51802F68}.Debug|Any CPU.Build.0 = Debug|Any CPU
		{22F1820F-6044-4181-8506-F28E51802F68}.Release|Any CPU.ActiveCfg = Release|Any CPU
		{22F1820F-6044-4181-8506-F28E51802F68}.Release|Any CPU.Build.0 = Release|Any CPU
	EndGlobalSection
	GlobalSection(SolutionProperties) = preSolution
		HideSolutionNode = FALSE
	EndGlobalSection
	GlobalSection(ExtensibilityGlobals) = postSolution
		SolutionGuid = {14D3A39D-3BDE-45B9-863C-3D6A4734A0EE}
	EndGlobalSection
EndGlobal
